
Microsoft Visual Studio Solution File, Format Version 12.00
# Visual Studio Version 16
VisualStudioVersion = 16.0.31410.357
MinimumVisualStudioVersion = 10.0.40219.1
Project("{2150E333-8FDC-42A3-9474-1A3956D46DE8}") = "src", "src", "{F930C609-16C4-4186-9D1F-003DDF35E190}"
EndProject
Project("{2150E333-8FDC-42A3-9474-1A3956D46DE8}") = "Building Block", "Building Block", "{B12330F2-91A8-4B9B-A4B2-E88BFB5B87F2}"
EndProject
Project("{2150E333-8FDC-42A3-9474-1A3956D46DE8}") = "Services", "Services", "{5361D474-06E8-4EE2-AB12-D77B71A3C0C8}"
EndProject
Project("{2150E333-8FDC-42A3-9474-1A3956D46DE8}") = "Web", "Web", "{7F92EFCD-7B13-4199-97AF-733081B4F54B}"
EndProject
Project("{2150E333-8FDC-42A3-9474-1A3956D46DE8}") = "Identidade", "Identidade", "{F59E0343-FB61-4460-8037-A1D37E4FA0C4}"
EndProject
Project("{2150E333-8FDC-42A3-9474-1A3956D46DE8}") = "MVC", "MVC", "{92E5B2B0-4B9A-484B-9D1D-4D38AA6F9247}"
EndProject
Project("{9A19103F-16F7-4668-BE54-9A1E7A4F7556}") = "NSE.Identidade.API", "src\Services\NSE.Identidade.API\NSE.Identidade.API.csproj", "{40AFB0E1-DE6A-4E7E-930E-08F30BB8CEB4}"
EndProject
Project("{9A19103F-16F7-4668-BE54-9A1E7A4F7556}") = "NSE.WebApp.MVC", "src\web\NSE.WebApp.MVC\NSE.WebApp.MVC.csproj", "{CA1E4512-7B88-42A8-AD7F-290A19C0666B}"
EndProject
Project("{2150E333-8FDC-42A3-9474-1A3956D46DE8}") = "Core", "Core", "{2D2313C9-B475-41B3-895E-164CBF7BC726}"
EndProject
Project("{9A19103F-16F7-4668-BE54-9A1E7A4F7556}") = "NSE.Core", "src\building blocks\NSE.Core\NSE.Core.csproj", "{3C786064-3E41-4A7F-977C-114D909BE78B}"
EndProject
Project("{2150E333-8FDC-42A3-9474-1A3956D46DE8}") = "Carrinho", "Carrinho", "{3FBDC25B-BB45-472E-BD14-98A8F7567A30}"
EndProject
Project("{9A19103F-16F7-4668-BE54-9A1E7A4F7556}") = "NSE.Carrinho.Api", "src\Services\NSE.Carrinho.Api\NSE.Carrinho.Api.csproj", "{DBA0C066-3A10-4E01-AC25-EE331A709F9D}"
EndProject
Project("{2150E333-8FDC-42A3-9474-1A3956D46DE8}") = "Catalogo", "Catalogo", "{0DEDAC40-3CA3-4034-885C-5BA0A8CB0C8E}"
EndProject
Project("{9A19103F-16F7-4668-BE54-9A1E7A4F7556}") = "NSE.Catalogo.API", "src\Services\NSE.Catalogo.API\NSE.Catalogo.API.csproj", "{F78F0526-0197-4677-96F3-F104EB679F64}"
EndProject
Project("{2150E333-8FDC-42A3-9474-1A3956D46DE8}") = "Pagamento", "Pagamento", "{85C1913D-C63A-43F3-AEC6-5B2A8E39F643}"
EndProject
Project("{9A19103F-16F7-4668-BE54-9A1E7A4F7556}") = "NSE.Pagamento.API", "src\Services\NSE.Pagamento.API\NSE.Pagamento.API.csproj", "{7F988FDA-8677-4DAE-BAF1-56F4506A9130}"
EndProject
Project("{2150E333-8FDC-42A3-9474-1A3956D46DE8}") = "Pedido", "Pedido", "{B201A674-045E-4D92-AF9A-ADEB19FE75AB}"
EndProject
Project("{9A19103F-16F7-4668-BE54-9A1E7A4F7556}") = "NSE.Pedido.API", "src\Services\NSE.Pedido.API\NSE.Pedido.API.csproj", "{C57F716E-7089-4B6C-B200-96A9DF46BC50}"
EndProject
Project("{2150E333-8FDC-42A3-9474-1A3956D46DE8}") = "Services", "Services", "{AA273D67-C854-45A3-992D-217B102EB9D9}"
EndProject
Project("{9A19103F-16F7-4668-BE54-9A1E7A4F7556}") = "NSE.WebAPI.Core", "src\building blocks\NSE.WebAPI.Core\NSE.WebAPI.Core.csproj", "{C7B1D52F-22D5-40D1-8043-0C8AB709538F}"
EndProject
Project("{2150E333-8FDC-42A3-9474-1A3956D46DE8}") = "Clientes", "Clientes", "{FD03CD7E-F9BA-4656-BB49-C0F4F776A9B8}"
EndProject
Project("{9A19103F-16F7-4668-BE54-9A1E7A4F7556}") = "NSE.Clientes.API", "src\Services\NSE.Clientes.API\NSE.Clientes.API.csproj", "{F2F03268-CA7D-4EF5-94EE-8C9A56FEC936}"
EndProject
Project("{2150E333-8FDC-42A3-9474-1A3956D46DE8}") = "MessageBus", "MessageBus", "{B2A35651-5325-4F82-84B3-99A0870B1FA0}"
EndProject
Project("{FAE04EC0-301F-11D3-BF4B-00C04F79EFBC}") = "NSE.MessageBus", "src\building blocks\NSE.MessageBus\NSE.MessageBus.csproj", "{52ADC287-5958-4311-90D8-3B4741C67103}"
EndProject
Global
	GlobalSection(SolutionConfigurationPlatforms) = preSolution
		Debug|Any CPU = Debug|Any CPU
		Release|Any CPU = Release|Any CPU
	EndGlobalSection
	GlobalSection(ProjectConfigurationPlatforms) = postSolution
		{40AFB0E1-DE6A-4E7E-930E-08F30BB8CEB4}.Debug|Any CPU.ActiveCfg = Debug|Any CPU
		{40AFB0E1-DE6A-4E7E-930E-08F30BB8CEB4}.Debug|Any CPU.Build.0 = Debug|Any CPU
		{40AFB0E1-DE6A-4E7E-930E-08F30BB8CEB4}.Release|Any CPU.ActiveCfg = Release|Any CPU
		{40AFB0E1-DE6A-4E7E-930E-08F30BB8CEB4}.Release|Any CPU.Build.0 = Release|Any CPU
		{CA1E4512-7B88-42A8-AD7F-290A19C0666B}.Debug|Any CPU.ActiveCfg = Debug|Any CPU
		{CA1E4512-7B88-42A8-AD7F-290A19C0666B}.Debug|Any CPU.Build.0 = Debug|Any CPU
		{CA1E4512-7B88-42A8-AD7F-290A19C0666B}.Release|Any CPU.ActiveCfg = Release|Any CPU
		{CA1E4512-7B88-42A8-AD7F-290A19C0666B}.Release|Any CPU.Build.0 = Release|Any CPU
		{3C786064-3E41-4A7F-977C-114D909BE78B}.Debug|Any CPU.ActiveCfg = Debug|Any CPU
		{3C786064-3E41-4A7F-977C-114D909BE78B}.Debug|Any CPU.Build.0 = Debug|Any CPU
		{3C786064-3E41-4A7F-977C-114D909BE78B}.Release|Any CPU.ActiveCfg = Release|Any CPU
		{3C786064-3E41-4A7F-977C-114D909BE78B}.Release|Any CPU.Build.0 = Release|Any CPU
		{DBA0C066-3A10-4E01-AC25-EE331A709F9D}.Debug|Any CPU.ActiveCfg = Debug|Any CPU
		{DBA0C066-3A10-4E01-AC25-EE331A709F9D}.Debug|Any CPU.Build.0 = Debug|Any CPU
		{DBA0C066-3A10-4E01-AC25-EE331A709F9D}.Release|Any CPU.ActiveCfg = Release|Any CPU
		{DBA0C066-3A10-4E01-AC25-EE331A709F9D}.Release|Any CPU.Build.0 = Release|Any CPU
		{F78F0526-0197-4677-96F3-F104EB679F64}.Debug|Any CPU.ActiveCfg = Debug|Any CPU
		{F78F0526-0197-4677-96F3-F104EB679F64}.Debug|Any CPU.Build.0 = Debug|Any CPU
		{F78F0526-0197-4677-96F3-F104EB679F64}.Release|Any CPU.ActiveCfg = Release|Any CPU
		{F78F0526-0197-4677-96F3-F104EB679F64}.Release|Any CPU.Build.0 = Release|Any CPU
		{7F988FDA-8677-4DAE-BAF1-56F4506A9130}.Debug|Any CPU.ActiveCfg = Debug|Any CPU
		{7F988FDA-8677-4DAE-BAF1-56F4506A9130}.Debug|Any CPU.Build.0 = Debug|Any CPU
		{7F988FDA-8677-4DAE-BAF1-56F4506A9130}.Release|Any CPU.ActiveCfg = Release|Any CPU
		{7F988FDA-8677-4DAE-BAF1-56F4506A9130}.Release|Any CPU.Build.0 = Release|Any CPU
		{C57F716E-7089-4B6C-B200-96A9DF46BC50}.Debug|Any CPU.ActiveCfg = Debug|Any CPU
		{C57F716E-7089-4B6C-B200-96A9DF46BC50}.Debug|Any CPU.Build.0 = Debug|Any CPU
		{C57F716E-7089-4B6C-B200-96A9DF46BC50}.Release|Any CPU.ActiveCfg = Release|Any CPU
		{C57F716E-7089-4B6C-B200-96A9DF46BC50}.Release|Any CPU.Build.0 = Release|Any CPU
		{C7B1D52F-22D5-40D1-8043-0C8AB709538F}.Debug|Any CPU.ActiveCfg = Debug|Any CPU
		{C7B1D52F-22D5-40D1-8043-0C8AB709538F}.Debug|Any CPU.Build.0 = Debug|Any CPU
		{C7B1D52F-22D5-40D1-8043-0C8AB709538F}.Release|Any CPU.ActiveCfg = Release|Any CPU
		{C7B1D52F-22D5-40D1-8043-0C8AB709538F}.Release|Any CPU.Build.0 = Release|Any CPU
		{F2F03268-CA7D-4EF5-94EE-8C9A56FEC936}.Debug|Any CPU.ActiveCfg = Debug|Any CPU
		{F2F03268-CA7D-4EF5-94EE-8C9A56FEC936}.Debug|Any CPU.Build.0 = Debug|Any CPU
		{F2F03268-CA7D-4EF5-94EE-8C9A56FEC936}.Release|Any CPU.ActiveCfg = Release|Any CPU
		{F2F03268-CA7D-4EF5-94EE-8C9A56FEC936}.Release|Any CPU.Build.0 = Release|Any CPU
		{52ADC287-5958-4311-90D8-3B4741C67103}.Debug|Any CPU.ActiveCfg = Debug|Any CPU
		{52ADC287-5958-4311-90D8-3B4741C67103}.Debug|Any CPU.Build.0 = Debug|Any CPU
		{52ADC287-5958-4311-90D8-3B4741C67103}.Release|Any CPU.ActiveCfg = Release|Any CPU
		{52ADC287-5958-4311-90D8-3B4741C67103}.Release|Any CPU.Build.0 = Release|Any CPU
	EndGlobalSection
	GlobalSection(SolutionProperties) = preSolution
		HideSolutionNode = FALSE
	EndGlobalSection
	GlobalSection(NestedProjects) = preSolution
		{B12330F2-91A8-4B9B-A4B2-E88BFB5B87F2} = {F930C609-16C4-4186-9D1F-003DDF35E190}
		{5361D474-06E8-4EE2-AB12-D77B71A3C0C8} = {F930C609-16C4-4186-9D1F-003DDF35E190}
		{7F92EFCD-7B13-4199-97AF-733081B4F54B} = {F930C609-16C4-4186-9D1F-003DDF35E190}
		{F59E0343-FB61-4460-8037-A1D37E4FA0C4} = {5361D474-06E8-4EE2-AB12-D77B71A3C0C8}
		{92E5B2B0-4B9A-484B-9D1D-4D38AA6F9247} = {7F92EFCD-7B13-4199-97AF-733081B4F54B}
		{40AFB0E1-DE6A-4E7E-930E-08F30BB8CEB4} = {F59E0343-FB61-4460-8037-A1D37E4FA0C4}
		{CA1E4512-7B88-42A8-AD7F-290A19C0666B} = {92E5B2B0-4B9A-484B-9D1D-4D38AA6F9247}
		{2D2313C9-B475-41B3-895E-164CBF7BC726} = {B12330F2-91A8-4B9B-A4B2-E88BFB5B87F2}
		{3C786064-3E41-4A7F-977C-114D909BE78B} = {2D2313C9-B475-41B3-895E-164CBF7BC726}
		{3FBDC25B-BB45-472E-BD14-98A8F7567A30} = {5361D474-06E8-4EE2-AB12-D77B71A3C0C8}
		{DBA0C066-3A10-4E01-AC25-EE331A709F9D} = {3FBDC25B-BB45-472E-BD14-98A8F7567A30}
		{0DEDAC40-3CA3-4034-885C-5BA0A8CB0C8E} = {5361D474-06E8-4EE2-AB12-D77B71A3C0C8}
		{F78F0526-0197-4677-96F3-F104EB679F64} = {0DEDAC40-3CA3-4034-885C-5BA0A8CB0C8E}
		{85C1913D-C63A-43F3-AEC6-5B2A8E39F643} = {F59E0343-FB61-4460-8037-A1D37E4FA0C4}
		{7F988FDA-8677-4DAE-BAF1-56F4506A9130} = {85C1913D-C63A-43F3-AEC6-5B2A8E39F643}
		{B201A674-045E-4D92-AF9A-ADEB19FE75AB} = {5361D474-06E8-4EE2-AB12-D77B71A3C0C8}
		{C57F716E-7089-4B6C-B200-96A9DF46BC50} = {B201A674-045E-4D92-AF9A-ADEB19FE75AB}
		{AA273D67-C854-45A3-992D-217B102EB9D9} = {B12330F2-91A8-4B9B-A4B2-E88BFB5B87F2}
		{C7B1D52F-22D5-40D1-8043-0C8AB709538F} = {AA273D67-C854-45A3-992D-217B102EB9D9}
		{FD03CD7E-F9BA-4656-BB49-C0F4F776A9B8} = {5361D474-06E8-4EE2-AB12-D77B71A3C0C8}
		{F2F03268-CA7D-4EF5-94EE-8C9A56FEC936} = {FD03CD7E-F9BA-4656-BB49-C0F4F776A9B8}
		{B2A35651-5325-4F82-84B3-99A0870B1FA0} = {B12330F2-91A8-4B9B-A4B2-E88BFB5B87F2}
		{52ADC287-5958-4311-90D8-3B4741C67103} = {B2A35651-5325-4F82-84B3-99A0870B1FA0}
	EndGlobalSection
	GlobalSection(ExtensibilityGlobals) = postSolution
		SolutionGuid = {CFA40C59-A890-485C-B9F4-F270AC9B853F}
	EndGlobalSection
EndGlobal
